
Microsoft Visual Studio Solution File, Format Version 12.00
# Visual Studio Version 17
VisualStudioVersion = 17.3.32825.248
MinimumVisualStudioVersion = 10.0.40219.1
Project("{FAE04EC0-301F-11D3-BF4B-00C04F79EFBC}") = "ForEach.WindowsFormsApp1", "ForEach.WindowsFormsApp1\ForEach.WindowsFormsApp1.csproj", "{560E50E3-14CF-4A11-94BC-B224C12BCB6E}"
EndProject
Global
	GlobalSection(SolutionConfigurationPlatforms) = preSolution
		Debug|Any CPU = Debug|Any CPU
		Release|Any CPU = Release|Any CPU
	EndGlobalSection
	GlobalSection(ProjectConfigurationPlatforms) = postSolution
		{560E50E3-14CF-4A11-94BC-B224C12BCB6E}.Debug|Any CPU.ActiveCfg = Debug|Any CPU
		{560E50E3-14CF-4A11-94BC-B224C12BCB6E}.Debug|Any CPU.Build.0 = Debug|Any CPU
		{560E50E3-14CF-4A11-94BC-B224C12BCB6E}.Release|Any CPU.ActiveCfg = Release|Any CPU
		{560E50E3-14CF-4A11-94BC-B224C12BCB6E}.Release|Any CPU.Build.0 = Release|Any CPU
	EndGlobalSection
	GlobalSection(SolutionProperties) = preSolution
		HideSolutionNode = FALSE
	EndGlobalSection
	GlobalSection(ExtensibilityGlobals) = postSolution
		SolutionGuid = {231082BB-CAFD-4FC8-9576-24C44DC0B466}
	EndGlobalSection
EndGlobal
